Microsoft Visual Studio Solution File, Format Version 12.00
# Visual Studio Version 17
VisualStudioVersion = 17.0.31903.59
MinimumVisualStudioVersion = 10.0.40219.1
Project("{FAE04EC0-301F-11D3-BF4B-00C04F79EFBC}") = "WallpaperRotator", "src\WallpaperRotator\WallpaperRotator.csproj", "{B5731345-3308-4EBC-A08A-A03BB29598B5}"
EndProject
Project("{FAE04EC0-301F-11D3-BF4B-00C04F79EFBC}") = "WallpaperRotator.Tests", "tests\WallpaperRotator.Tests\WallpaperRotator.Tests.csproj", "{51E86894-4B49-4E3B-B4F2-D712B6DD8D01}"
EndProject
Global
	GlobalSection(SolutionConfigurationPlatforms) = preSolution
		Debug|Any CPU = Debug|Any CPU
		Release|Any CPU = Release|Any CPU
	EndGlobalSection
	GlobalSection(ProjectConfigurationPlatforms) = postSolution
		{B5731345-3308-4EBC-A08A-A03BB29598B5}.Debug|Any CPU.ActiveCfg = Debug|Any CPU
		{B5731345-3308-4EBC-A08A-A03BB29598B5}.Debug|Any CPU.Build.0 = Debug|Any CPU
		{B5731345-3308-4EBC-A08A-A03BB29598B5}.Release|Any CPU.ActiveCfg = Release|Any CPU
		{B5731345-3308-4EBC-A08A-A03BB29598B5}.Release|Any CPU.Build.0 = Release|Any CPU
		{51E86894-4B49-4E3B-B4F2-D712B6DD8D01}.Debug|Any CPU.ActiveCfg = Debug|Any CPU
		{51E86894-4B49-4E3B-B4F2-D712B6DD8D01}.Debug|Any CPU.Build.0 = Debug|Any CPU
		{51E86894-4B49-4E3B-B4F2-D712B6DD8D01}.Release|Any CPU.ActiveCfg = Release|Any CPU
		{51E86894-4B49-4E3B-B4F2-D712B6DD8D01}.Release|Any CPU.Build.0 = Release|Any CPU
	EndGlobalSection
EndGlobal
